Microsoft Visual Studio Solution File, Format Version 10.00
# Visual Studio 2008

Project("{B92F379D-9447-CEC1-32CD-928D8531D87C}") = "testProj", "Assembly-CSharp-firstpass-vs.csproj", "{0ECD0F53-9A9E-CC37-EC16-33716F546186}"
EndProject
Project("{B92F379D-9447-CEC1-32CD-928D8531D87C}") = "testProj", "Assembly-CSharp-vs.csproj", "{04B8C421-1EFB-B12B-3759-587CDB323F45}"
EndProject
Global
	GlobalSection(SolutionConfigurationPlatforms) = preSolution
		Debug|Any CPU = Debug|Any CPU
		Release|Any CPU = Release|Any CPU
	EndGlobalSection
	GlobalSection(ProjectConfigurationPlatforms) = postSolution
		{0ECD0F53-9A9E-CC37-EC16-33716F546186}.Debug|Any CPU.ActiveCfg = Debug|Any CPU
		{0ECD0F53-9A9E-CC37-EC16-33716F546186}.Debug|Any CPU.Build.0 = Debug|Any CPU
		{0ECD0F53-9A9E-CC37-EC16-33716F546186}.Release|Any CPU.ActiveCfg = Release|Any CPU
		{0ECD0F53-9A9E-CC37-EC16-33716F546186}.Release|Any CPU.Build.0 = Release|Any CPU
		{04B8C421-1EFB-B12B-3759-587CDB323F45}.Debug|Any CPU.ActiveCfg = Debug|Any CPU
		{04B8C421-1EFB-B12B-3759-587CDB323F45}.Debug|Any CPU.Build.0 = Debug|Any CPU
		{04B8C421-1EFB-B12B-3759-587CDB323F45}.Release|Any CPU.ActiveCfg = Release|Any CPU
		{04B8C421-1EFB-B12B-3759-587CDB323F45}.Release|Any CPU.Build.0 = Release|Any CPU
	EndGlobalSection
	GlobalSection(SolutionProperties) = preSolution
		HideSolutionNode = FALSE
	EndGlobalSection
	
EndGlobal
